
Microsoft Visual Studio Solution File, Format Version 12.00
# Visual Studio Version 16
VisualStudioVersion = 16.0.29215.179
MinimumVisualStudioVersion = 10.0.40219.1
Project("{FAE04EC0-301F-11D3-BF4B-00C04F79EFBC}") = "CarInfo", "CarInfo\CarInfo.csproj", "{531B0EC9-0344-4EE5-B374-A153BE16A280}"
EndProject
Global
	GlobalSection(SolutionConfigurationPlatforms) = preSolution
		Debug|Any CPU = Debug|Any CPU
		Release|Any CPU = Release|Any CPU
	EndGlobalSection
	GlobalSection(ProjectConfigurationPlatforms) = postSolution
		{531B0EC9-0344-4EE5-B374-A153BE16A280}.Debug|Any CPU.ActiveCfg = Debug|Any CPU
		{531B0EC9-0344-4EE5-B374-A153BE16A280}.Debug|Any CPU.Build.0 = Debug|Any CPU
		{531B0EC9-0344-4EE5-B374-A153BE16A280}.Release|Any CPU.ActiveCfg = Release|Any CPU
		{531B0EC9-0344-4EE5-B374-A153BE16A280}.Release|Any CPU.Build.0 = Release|Any CPU
	EndGlobalSection
	GlobalSection(SolutionProperties) = preSolution
		HideSolutionNode = FALSE
	EndGlobalSection
	GlobalSection(ExtensibilityGlobals) = postSolution
		SolutionGuid = {525A027D-7DC8-438F-8CF3-39B7EDFC727F}
	EndGlobalSection
EndGlobal
